
Microsoft Visual Studio Solution File, Format Version 11.00
# Visual Studio 2010
Project("{FAE04EC0-301F-11D3-BF4B-00C04F79EFBC}") = "AcceptanceTests", "AcceptanceTests\AcceptanceTests.csproj", "{45FA47C8-8F76-46D1-8C54-08392B73116C}"
EndProject
Global
	GlobalSection(SolutionConfigurationPlatforms) = preSolution
		Debug|Any CPU = Debug|Any CPU
		Release|Any CPU = Release|Any CPU
	EndGlobalSection
	GlobalSection(ProjectConfigurationPlatforms) = postSolution
		{45FA47C8-8F76-46D1-8C54-08392B73116C}.Debug|Any CPU.ActiveCfg = Debug|Any CPU
		{45FA47C8-8F76-46D1-8C54-08392B73116C}.Debug|Any CPU.Build.0 = Debug|Any CPU
		{45FA47C8-8F76-46D1-8C54-08392B73116C}.Release|Any CPU.ActiveCfg = Release|Any CPU
		{45FA47C8-8F76-46D1-8C54-08392B73116C}.Release|Any CPU.Build.0 = Release|Any CPU
	EndGlobalSection
	GlobalSection(SolutionProperties) = preSolution
		HideSolutionNode = FALSE
	EndGlobalSection
EndGlobal
